
Microsoft Visual Studio Solution File, Format Version 12.00
# Visual Studio Version 17
VisualStudioVersion = 17.0.31903.59
MinimumVisualStudioVersion = 10.0.40219.1
Project("{2150E333-8FDC-42A3-9474-1A3956D46DE8}") = "src", "src", "{19D6779D-27CD-441C-A847-CD4767D6DAEF}"
EndProject
Project("{9A19103F-16F7-4668-BE54-9A1E7A4F7556}") = "PdfNox.Server", "src\PdfNox.Server\PdfNox.Server.csproj", "{8CE50C0F-020E-4183-A9B4-C4516FC2AA3E}"
EndProject
Project("{2150E333-8FDC-42A3-9474-1A3956D46DE8}") = "Solution Items", "Solution Items", "{13226F19-C5AD-4818-BD2A-6587EEE56EBB}"
	ProjectSection(SolutionItems) = preProject
		.gitignore = .gitignore
		README.md = README.md
	EndProjectSection
EndProject
Project("{FAE04EC0-301F-11D3-BF4B-00C04F79EFBC}") = "PdfNox.Domain", "src\PdfNox.Domain\PdfNox.Domain.csproj", "{F83C0766-058E-4086-8CC0-EE4EF061C780}"
EndProject
Global
	GlobalSection(SolutionConfigurationPlatforms) = preSolution
		Debug|Any CPU = Debug|Any CPU
		Release|Any CPU = Release|Any CPU
	EndGlobalSection
	GlobalSection(ProjectConfigurationPlatforms) = postSolution
		{8CE50C0F-020E-4183-A9B4-C4516FC2AA3E}.Debug|Any CPU.ActiveCfg = Debug|Any CPU
		{8CE50C0F-020E-4183-A9B4-C4516FC2AA3E}.Debug|Any CPU.Build.0 = Debug|Any CPU
		{8CE50C0F-020E-4183-A9B4-C4516FC2AA3E}.Release|Any CPU.ActiveCfg = Release|Any CPU
		{8CE50C0F-020E-4183-A9B4-C4516FC2AA3E}.Release|Any CPU.Build.0 = Release|Any CPU
		{F83C0766-058E-4086-8CC0-EE4EF061C780}.Debug|Any CPU.ActiveCfg = Debug|Any CPU
		{F83C0766-058E-4086-8CC0-EE4EF061C780}.Debug|Any CPU.Build.0 = Debug|Any CPU
		{F83C0766-058E-4086-8CC0-EE4EF061C780}.Release|Any CPU.ActiveCfg = Release|Any CPU
		{F83C0766-058E-4086-8CC0-EE4EF061C780}.Release|Any CPU.Build.0 = Release|Any CPU
	EndGlobalSection
	GlobalSection(SolutionProperties) = preSolution
		HideSolutionNode = FALSE
	EndGlobalSection
	GlobalSection(NestedProjects) = preSolution
		{8CE50C0F-020E-4183-A9B4-C4516FC2AA3E} = {19D6779D-27CD-441C-A847-CD4767D6DAEF}
		{F83C0766-058E-4086-8CC0-EE4EF061C780} = {19D6779D-27CD-441C-A847-CD4767D6DAEF}
	EndGlobalSection
EndGlobal
