
Microsoft Visual Studio Solution File, Format Version 12.00
# Visual Studio Version 17
VisualStudioVersion = 17.0.31903.59
MinimumVisualStudioVersion = 10.0.40219.1
Project("{FAE04EC0-301F-11D3-BF4B-00C04F79EFBC}") = "PdfNox.App", "PdfNox.App\PdfNox.App.csproj", "{6AF49B3E-E732-432A-A0BF-8A6FDE94115D}"
EndProject
Project("{FAE04EC0-301F-11D3-BF4B-00C04F79EFBC}") = "PdfNox.PdfReader", "PdfNox.PdfReader\PdfNox.PdfReader.csproj", "{3808BCBD-737D-4674-9E0B-09F52E884DA4}"
EndProject
Global
	GlobalSection(SolutionConfigurationPlatforms) = preSolution
		Debug|Any CPU = Debug|Any CPU
		Release|Any CPU = Release|Any CPU
	EndGlobalSection
	GlobalSection(SolutionProperties) = preSolution
		HideSolutionNode = FALSE
	EndGlobalSection
	GlobalSection(ProjectConfigurationPlatforms) = postSolution
		{6AF49B3E-E732-432A-A0BF-8A6FDE94115D}.Debug|Any CPU.ActiveCfg = Debug|x86
		{6AF49B3E-E732-432A-A0BF-8A6FDE94115D}.Debug|Any CPU.Build.0 = Debug|x86
		{6AF49B3E-E732-432A-A0BF-8A6FDE94115D}.Release|Any CPU.ActiveCfg = Release|x86
		{6AF49B3E-E732-432A-A0BF-8A6FDE94115D}.Release|Any CPU.Build.0 = Release|x86
		{3808BCBD-737D-4674-9E0B-09F52E884DA4}.Debug|Any CPU.ActiveCfg = Debug|Any CPU
		{3808BCBD-737D-4674-9E0B-09F52E884DA4}.Debug|Any CPU.Build.0 = Debug|Any CPU
		{3808BCBD-737D-4674-9E0B-09F52E884DA4}.Release|Any CPU.ActiveCfg = Release|Any CPU
		{3808BCBD-737D-4674-9E0B-09F52E884DA4}.Release|Any CPU.Build.0 = Release|Any CPU
	EndGlobalSection
EndGlobal
